{
  "name": "@daily-co/react-native-daily-js",
  "version": "0.0.1-alpha.10",
  "lockfileVersion": 1,
  "requires": true,
  "dependencies": {
    "@babel/runtime": {
      "version": "7.11.2",
      "resolved": "https://registry.npmjs.org/@babel/runtime/-/runtime-7.11.2.tgz",
      "integrity": "sha512-TeWkU52so0mPtDcaCTxNBI/IHiz0pZgr8VEFqXFtZWpYD08ZB6FaSwVAS8MKRQAP3bYKiVjwysOJgMFY28o6Tw==",
      "requires": {
        "regenerator-runtime": "^0.13.4"
      }
    },
    "@daily-co/daily-js": {
      "version": "0.9.993",
      "resolved": "https://registry.npmjs.org/@daily-co/daily-js/-/daily-js-0.9.993.tgz",
      "integrity": "sha512-eDa4T0Tyt2jj5Qdos42SVPd4EjOJXH+VCv9h6AtauzJFIvaE8cCXMIiurTfSWAX4kG+c+8Kl8NuJ705DfD5ErA==",
      "requires": {
        "@babel/runtime": "^7.8.3",
        "bowser": "^2.8.1",
        "events": "^3.1.0",
        "fast-equals": "^1.6.3",
        "lodash": "^4.17.15"
      }
    },
    "@daily-co/react-native-webrtc": {
      "version": "1.75.6",
      "resolved": "https://registry.npmjs.org/@daily-co/react-native-webrtc/-/react-native-webrtc-1.75.6.tgz",
      "integrity": "sha512-d6JvuVVMduwlfElunShQY+wsu7bZUQDaX/tYIGL9TaOi/ahgyuKvPHfFKFqeLLvGblvBHPHMAYb7WTQxPccY9Q==",
      "dev": true,
      "requires": {
        "@types/react": "*",
        "@types/react-native": "*",
        "base64-js": "^1.1.2",
        "event-target-shim": "^1.0.5",
        "prop-types": "^15.5.10",
        "uuid": "^3.3.2"
      }
    },
    "@react-native-community/async-storage": {
      "version": "1.11.0",
      "resolved": "https://registry.npmjs.org/@react-native-community/async-storage/-/async-storage-1.11.0.tgz",
      "integrity": "sha512-Pq9LlmvtCEKAGdkyrgTcRxNh2fnHFykEj2qnRYijOl1pDIl2MkD5IxaXu5eOL0wgOtAl4U//ff4z40Td6XR5rw==",
      "dev": true,
      "requires": {
        "deep-assign": "^3.0.0"
      }
    },
    "@types/prop-types": {
      "version": "15.7.3",
      "resolved": "https://registry.npmjs.org/@types/prop-types/-/prop-types-15.7.3.tgz",
      "integrity": "sha512-KfRL3PuHmqQLOG+2tGpRO26Ctg+Cq1E01D2DMriKEATHgWLfeNDmq9e29Q9WIky0dQ3NPkd1mzYH8Lm936Z9qw==",
      "dev": true
    },
    "@types/react": {
      "version": "16.9.49",
      "resolved": "https://registry.npmjs.org/@types/react/-/react-16.9.49.tgz",
      "integrity": "sha512-DtLFjSj0OYAdVLBbyjhuV9CdGVHCkHn2R+xr3XkBvK2rS1Y1tkc14XSGjYgm5Fjjr90AxH9tiSzc1pCFMGO06g==",
      "dev": true,
      "requires": {
        "@types/prop-types": "*",
        "csstype": "^3.0.2"
      }
    },
    "@types/react-native": {
      "version": "0.63.18",
      "resolved": "https://registry.npmjs.org/@types/react-native/-/react-native-0.63.18.tgz",
      "integrity": "sha512-WwEWqmHiqFn61M1FZR/+frj+E8e2o8i5cPqu9mjbjtZS/gBfCKVESF2ai/KAlaQECkkWkx/nMJeCc5eHMmLQgw==",
      "dev": true,
      "requires": {
        "@types/react": "*"
      }
    },
    "@types/react-native-background-timer": {
      "version": "2.0.0",
      "resolved": "https://registry.npmjs.org/@types/react-native-background-timer/-/react-native-background-timer-2.0.0.tgz",
      "integrity": "sha512-y5VW82dL/ESOLg+5QQHyBdsFVA4ZklENxmOyxv8o06T+3HBG2JOSuz/CIPz1vKdB7dmWDGPZNuPosdtnp+xv2A=="
    },
    "base64-js": {
      "version": "1.3.1",
      "resolved": "https://registry.npmjs.org/base64-js/-/base64-js-1.3.1.tgz",
      "integrity": "sha512-mLQ4i2QO1ytvGWFWmcngKO//JXAQueZvwEKtjgQFM4jIK0kU+ytMfplL8j+n5mspOfjHwoAg+9yhb7BwAHm36g=="
    },
    "bowser": {
      "version": "2.11.0",
      "resolved": "https://registry.npmjs.org/bowser/-/bowser-2.11.0.tgz",
      "integrity": "sha512-AlcaJBi/pqqJBIQ8U9Mcpc9i8Aqxn88Skv5d+xBX006BY5u8N3mGLHa5Lgppa7L/HfwgwLgZ6NYs+Ag6uUmJRA=="
    },
    "buffer": {
      "version": "5.6.0",
      "resolved": "https://registry.npmjs.org/buffer/-/buffer-5.6.0.tgz",
      "integrity": "sha512-/gDYp/UtU0eA1ys8bOs9J6a+E/KWIY+DZ+Q2WESNUA0jFRsJOc0SNUO6xJ5SGA1xueg3NL65W6s+NY5l9cunuw==",
      "requires": {
        "base64-js": "^1.0.2",
        "ieee754": "^1.1.4"
      }
    },
    "csstype": {
      "version": "3.0.3",
      "resolved": "https://registry.npmjs.org/csstype/-/csstype-3.0.3.tgz",
      "integrity": "sha512-jPl+wbWPOWJ7SXsWyqGRk3lGecbar0Cb0OvZF/r/ZU011R4YqiRehgkQ9p4eQfo9DSDLqLL3wHwfxeJiuIsNag==",
      "dev": true
    },
    "deep-assign": {
      "version": "3.0.0",
      "resolved": "https://registry.npmjs.org/deep-assign/-/deep-assign-3.0.0.tgz",
      "integrity": "sha512-YX2i9XjJ7h5q/aQ/IM9PEwEnDqETAIYbggmdDB3HLTlSgo1CxPsj6pvhPG68rq6SVE0+p+6Ywsm5fTYNrYtBWw==",
      "dev": true,
      "requires": {
        "is-obj": "^1.0.0"
      }
    },
    "event-target-shim": {
      "version": "1.1.1",
      "resolved": "https://registry.npmjs.org/event-target-shim/-/event-target-shim-1.1.1.tgz",
      "integrity": "sha1-qG5e5r2qFgVEddp5fM3fDFVphJE=",
      "dev": true
    },
    "events": {
      "version": "3.2.0",
      "resolved": "https://registry.npmjs.org/events/-/events-3.2.0.tgz",
      "integrity": "sha512-/46HWwbfCX2xTawVfkKLGxMifJYQBWMwY1mjywRtb4c9x8l5NP3KoJtnIOiL1hfdRkIuYhETxQlo62IF8tcnlg=="
    },
    "fast-equals": {
      "version": "1.6.3",
      "resolved": "https://registry.npmjs.org/fast-equals/-/fast-equals-1.6.3.tgz",
      "integrity": "sha512-4WKW0AL5+WEqO0zWavAfYGY1qwLsBgE//DN4TTcVEN2UlINgkv9b3vm2iHicoenWKSX9mKWmGOsU/iI5IST7pQ=="
    },
    "ieee754": {
      "version": "1.1.13",
      "resolved": "https://registry.npmjs.org/ieee754/-/ieee754-1.1.13.tgz",
      "integrity": "sha512-4vf7I2LYV/HaWerSo3XmlMkp5eZ83i+/CDluXi/IGTs/O1sejBNhTtnxzmRZfvOUqj7lZjqHkeTvpgSFDlWZTg=="
    },
    "is-obj": {
      "version": "1.0.1",
      "resolved": "https://registry.npmjs.org/is-obj/-/is-obj-1.0.1.tgz",
      "integrity": "sha1-PkcprB9f3gJc19g6iW2rn09n2w8=",
      "dev": true
    },
    "js-tokens": {
      "version": "4.0.0",
      "resolved": "https://registry.npmjs.org/js-tokens/-/js-tokens-4.0.0.tgz",
      "integrity": "sha512-RdJUflcE3cUzKiMqQgsCu06FPu9UdIJO0beYbPhHN4k6apgJtifcoCtT9bcxOpYBtpD2kCM6Sbzg4CausW/PKQ==",
      "dev": true
    },
    "lodash": {
      "version": "4.17.20",
      "resolved": "https://registry.npmjs.org/lodash/-/lodash-4.17.20.tgz",
      "integrity": "sha512-PlhdFcillOINfeV7Ni6oF1TAEayyZBoZ8bcshTHqOYJYlrqzRK5hagpagky5o4HfCzzd1TRkXPMFq6cKk9rGmA=="
    },
    "loose-envify": {
      "version": "1.4.0",
      "resolved": "https://registry.npmjs.org/loose-envify/-/loose-envify-1.4.0.tgz",
      "integrity": "sha512-lyuxPGr/Wfhrlem2CL/UcnUc1zcqKAImBDzukY7Y5F/yQiNdko6+fRLevlw1HgMySw7f611UIY408EtxRSoK3Q==",
      "dev": true,
      "requires": {
        "js-tokens": "^3.0.0 || ^4.0.0"
      }
    },
    "object-assign": {
      "version": "4.1.1",
      "resolved": "https://registry.npmjs.org/object-assign/-/object-assign-4.1.1.tgz",
      "integrity": "sha1-IQmtx5ZYh8/AXLvUQsrIv7s2CGM=",
      "dev": true
    },
    "prop-types": {
      "version": "15.7.2",
      "resolved": "https://registry.npmjs.org/prop-types/-/prop-types-15.7.2.tgz",
      "integrity": "sha512-8QQikdH7//R2vurIJSutZ1smHYTcLpRWEOlHnzcWHmBYrOGUysKwSsrC89BCiFj3CbrfJ/nXFdJepOVrY1GCHQ==",
      "dev": true,
      "requires": {
        "loose-envify": "^1.4.0",
        "object-assign": "^4.1.1",
        "react-is": "^16.8.1"
      }
    },
    "react-is": {
      "version": "16.13.1",
      "resolved": "https://registry.npmjs.org/react-is/-/react-is-16.13.1.tgz",
      "integrity": "sha512-24e6ynE2H+OKt4kqsOvNd8kBpV65zoxbA4BVsEOB3ARVWQki/DHzaUoC5KuON/BiccDaCCTZBuOcfZs70kR8bQ==",
      "dev": true
    },
    "react-native-background-timer": {
      "version": "2.3.1",
      "resolved": "https://registry.npmjs.org/react-native-background-timer/-/react-native-background-timer-2.3.1.tgz",
      "integrity": "sha512-cqsXqNOZYtFYrzdwXdfFciJOXjQwr1DpCb2Oy4Z3+FGETRRl+wH3uf8YuqnYUHFnKulHJ0BwYKTvkmmbY0eTxQ==",
      "dev": true
    },
    "react-native-url-polyfill": {
      "version": "1.1.2",
      "resolved": "https://registry.npmjs.org/react-native-url-polyfill/-/react-native-url-polyfill-1.1.2.tgz",
      "integrity": "sha512-RPYwjW+4udnAf26xUCQP2dn4t2tnRFo3Ii4s/hy7Ivpe7xYtXp7CMVX505CR8X3p0f8NKmOJ4MQEFMMnbd/Y/Q==",
      "requires": {
        "buffer": "^5.4.3",
        "whatwg-url-without-unicode": "8.0.0-1"
      }
    },
    "regenerator-runtime": {
      "version": "0.13.7",
      "resolved": "https://registry.npmjs.org/regenerator-runtime/-/regenerator-runtime-0.13.7.tgz",
      "integrity": "sha512-a54FxoJDIr27pgf7IgeQGxmqUNYrcV338lf/6gH456HZ/PhX+5BcwHXG9ajESmwe6WRO0tAzRUrRmNONWgkrew=="
    },
    "typescript": {
      "version": "3.8.3",
      "resolved": "https://registry.npmjs.org/typescript/-/typescript-3.8.3.tgz",
      "integrity": "sha512-MYlEfn5VrLNsgudQTVJeNaQFUAI7DkhnOjdpAp4T+ku1TfQClewlbSuTVHiA+8skNBgaf02TL/kLOvig4y3G8w==",
      "dev": true
    },
    "uuid": {
      "version": "3.4.0",
      "resolved": "https://registry.npmjs.org/uuid/-/uuid-3.4.0.tgz",
      "integrity": "sha512-HjSDRw6gZE5JMggctHBcjVak08+KEVhSIiDzFnT9S9aegmp85S/bReBVTb4QTFaRNptJ9kuYaNhnbNEOkbKb/A==",
      "dev": true
    },
    "webidl-conversions": {
      "version": "5.0.0",
      "resolved": "https://registry.npmjs.org/webidl-conversions/-/webidl-conversions-5.0.0.tgz",
      "integrity": "sha512-VlZwKPCkYKxQgeSbH5EyngOmRp7Ww7I9rQLERETtf5ofd9pGeswWiOtogpEO850jziPRarreGxn5QIiTqpb2wA=="
    },
    "whatwg-url-without-unicode": {
      "version": "8.0.0-1",
      "resolved": "https://registry.npmjs.org/whatwg-url-without-unicode/-/whatwg-url-without-unicode-8.0.0-1.tgz",
      "integrity": "sha512-0Uy8mjsG5O8Y53327XL+ZqsrMdxO1CL/6m840SmW5iyRWFvU2zlxS2RzpD3pFFVKYOKCmsKn5JKzWxQ+bImnWA==",
      "requires": {
        "webidl-conversions": "^5.0.0"
      }
    }
  }
}
